
Microsoft Visual Studio Solution File, Format Version 12.00
# Visual Studio Version 16
VisualStudioVersion = 16.0.30204.135
MinimumVisualStudioVersion = 10.0.40219.1
Project("{9A19103F-16F7-4668-BE54-9A1E7A4F7556}") = "OnlineShopping.Data", "OnlineShopping.Data\OnlineShopping.Data.csproj", "{4D44F182-ECD8-4FFA-A878-2EFEF19C7976}"
EndProject
Project("{9A19103F-16F7-4668-BE54-9A1E7A4F7556}") = "OnlineShopping.Business", "OnlineShopping.Business\OnlineShopping.Business.csproj", "{40FA1F33-EDC0-4E50-9448-26CD7B05E10F}"
EndProject
Project("{9A19103F-16F7-4668-BE54-9A1E7A4F7556}") = "OnlineShopping.DTO", "OnlineShopping.DTO\OnlineShopping.DTO.csproj", "{1D1270F1-8BEF-4C36-8488-7E14A4ED5783}"
EndProject
Project("{9A19103F-16F7-4668-BE54-9A1E7A4F7556}") = "OnlineShopping.Repositories", "OnlineShopping.Repositories\OnlineShopping.Repositories.csproj", "{303056E7-A297-468C-9F9E-1B96534F7E2E}"
EndProject
Project("{FAE04EC0-301F-11D3-BF4B-00C04F79EFBC}") = "OnlineShoppingWebAPI", "OnlineShoppingWebAPI\OnlineShoppingWebAPI.csproj", "{CA91D32C-9FCF-4B04-8585-CF31575404A3}"
EndProject
Global
	GlobalSection(SolutionConfigurationPlatforms) = preSolution
		Debug|Any CPU = Debug|Any CPU
		Release|Any CPU = Release|Any CPU
	EndGlobalSection
	GlobalSection(ProjectConfigurationPlatforms) = postSolution
		{4D44F182-ECD8-4FFA-A878-2EFEF19C7976}.Debug|Any CPU.ActiveCfg = Debug|Any CPU
		{4D44F182-ECD8-4FFA-A878-2EFEF19C7976}.Debug|Any CPU.Build.0 = Debug|Any CPU
		{4D44F182-ECD8-4FFA-A878-2EFEF19C7976}.Release|Any CPU.ActiveCfg = Release|Any CPU
		{4D44F182-ECD8-4FFA-A878-2EFEF19C7976}.Release|Any CPU.Build.0 = Release|Any CPU
		{40FA1F33-EDC0-4E50-9448-26CD7B05E10F}.Debug|Any CPU.ActiveCfg = Debug|Any CPU
		{40FA1F33-EDC0-4E50-9448-26CD7B05E10F}.Debug|Any CPU.Build.0 = Debug|Any CPU
		{40FA1F33-EDC0-4E50-9448-26CD7B05E10F}.Release|Any CPU.ActiveCfg = Release|Any CPU
		{40FA1F33-EDC0-4E50-9448-26CD7B05E10F}.Release|Any CPU.Build.0 = Release|Any CPU
		{1D1270F1-8BEF-4C36-8488-7E14A4ED5783}.Debug|Any CPU.ActiveCfg = Debug|Any CPU
		{1D1270F1-8BEF-4C36-8488-7E14A4ED5783}.Debug|Any CPU.Build.0 = Debug|Any CPU
		{1D1270F1-8BEF-4C36-8488-7E14A4ED5783}.Release|Any CPU.ActiveCfg = Release|Any CPU
		{1D1270F1-8BEF-4C36-8488-7E14A4ED5783}.Release|Any CPU.Build.0 = Release|Any CPU
		{303056E7-A297-468C-9F9E-1B96534F7E2E}.Debug|Any CPU.ActiveCfg = Debug|Any CPU
		{303056E7-A297-468C-9F9E-1B96534F7E2E}.Debug|Any CPU.Build.0 = Debug|Any CPU
		{303056E7-A297-468C-9F9E-1B96534F7E2E}.Release|Any CPU.ActiveCfg = Release|Any CPU
		{303056E7-A297-468C-9F9E-1B96534F7E2E}.Release|Any CPU.Build.0 = Release|Any CPU
		{CA91D32C-9FCF-4B04-8585-CF31575404A3}.Debug|Any CPU.ActiveCfg = Debug|Any CPU
		{CA91D32C-9FCF-4B04-8585-CF31575404A3}.Debug|Any CPU.Build.0 = Debug|Any CPU
		{CA91D32C-9FCF-4B04-8585-CF31575404A3}.Release|Any CPU.ActiveCfg = Release|Any CPU
		{CA91D32C-9FCF-4B04-8585-CF31575404A3}.Release|Any CPU.Build.0 = Release|Any CPU
	EndGlobalSection
	GlobalSection(SolutionProperties) = preSolution
		HideSolutionNode = FALSE
	EndGlobalSection
	GlobalSection(ExtensibilityGlobals) = postSolution
		SolutionGuid = {9EA8D496-583E-4947-A0C2-E865D76BCED2}
	EndGlobalSection
EndGlobal
