{
  "requires": true,
  "lockfileVersion": 1,
  "dependencies": {
    "@angular/core": {
      "version": "9.1.11",
      "resolved": "https://registry.npmjs.org/@angular/core/-/core-9.1.11.tgz",
      "integrity": "sha512-KAlEedBo761O1aeoTJVziOSHi8Fttk9ipvbDZXYT/o0W/KdVwubxP34g9t5aD8LCcF8+L0z4VLw++HjdJAUpwg=="
    },
    "@angular/forms": {
      "version": "9.1.11",
      "resolved": "https://registry.npmjs.org/@angular/forms/-/forms-9.1.11.tgz",
      "integrity": "sha512-t4WHrh6ot1r8zdV+3fJz7g9rCok77c9CiIevhH2dR/idxD+HtFR0wqmcBQzsn+rNVB0f0TiSHDrj+TeELIFyWw=="
    },
    "@angular/platform-browser": {
      "version": "9.1.11",
      "resolved": "https://registry.npmjs.org/@angular/platform-browser/-/platform-browser-9.1.11.tgz",
      "integrity": "sha512-KDxoiFhW4UD+EqchcKpQVSLwg9Rd3JbWytZLchFV6nH8BFnshfJtw2tyPT8bMhFVG9n9zSR4QSGaozWgoDs9mw=="
    },
    "@angular/router": {
      "version": "9.1.11",
      "resolved": "https://registry.npmjs.org/@angular/router/-/router-9.1.11.tgz",
      "integrity": "sha512-D6CCDeSK/F6dWSB/a1g/zB072xG5LadLSV8afQ57oX1KHePx21LcoRG4tUtFMMHh/jZXRc9pMQIR1/9FrrXF3Q=="
    }
  }
}
